
Microsoft Visual Studio Solution File, Format Version 12.00
# Visual Studio Version 17
VisualStudioVersion = 17.11.35222.181
MinimumVisualStudioVersion = 10.0.40219.1
Project("{FAE04EC0-301F-11D3-BF4B-00C04F79EFBC}") = "CadastroClientesTDE", "CadastroClientesTDE.csproj", "{834F8333-5B5D-4613-8F78-AA67F471336A}"
EndProject
Global
	GlobalSection(SolutionConfigurationPlatforms) = preSolution
		Debug|Any CPU = Debug|Any CPU
		Release|Any CPU = Release|Any CPU
	EndGlobalSection
	GlobalSection(ProjectConfigurationPlatforms) = postSolution
		{834F8333-5B5D-4613-8F78-AA67F471336A}.Debug|Any CPU.ActiveCfg = Debug|Any CPU
		{834F8333-5B5D-4613-8F78-AA67F471336A}.Debug|Any CPU.Build.0 = Debug|Any CPU
		{834F8333-5B5D-4613-8F78-AA67F471336A}.Release|Any CPU.ActiveCfg = Release|Any CPU
		{834F8333-5B5D-4613-8F78-AA67F471336A}.Release|Any CPU.Build.0 = Release|Any CPU
	EndGlobalSection
	GlobalSection(SolutionProperties) = preSolution
		HideSolutionNode = FALSE
	EndGlobalSection
	GlobalSection(ExtensibilityGlobals) = postSolution
		SolutionGuid = {730FE03C-0107-49DE-9B92-843EDFF63C65}
	EndGlobalSection
EndGlobal
